{
  "name": "27.snowy-forest",
  "version": "1.0.0",
  "lockfileVersion": 1,
  "requires": true,
  "dependencies": {
    "three": {
      "version": "0.176.0",
      "resolved": "http://artifactory.hundsun.com:80/artifactory/api/npm/urp3-npm-virtual/three/-/three-0.176.0.tgz",
      "integrity": "sha512-PWRKYWQo23ojf9oZSlRGH8K09q7nRSWx6LY/HF/UUrMdYgN9i1e2OwJYHoQjwc6HF/4lvvYLC5YC1X8UJL2ZpA=="
    }
  }
}
